// !$*UTF8*$!
{
	archiveVersion = 1;
	classes = {
	};
	objectVersion = 56;
	objects = {

/* Begin PBXBuildFile section */
		0E122B5A29EB29B4003A1EEB /* AppDelegate.swift in Sources */ = {isa = PBXBuildFile; fileRef = 0E122B5929EB29B4003A1EEB /* AppDelegate.swift */; };
		0E122B5C29EB29B4003A1EEB /* SceneDelegate.swift in Sources */ = {isa = PBXBuildFile; fileRef = 0E122B5B29EB29B4003A1EEB /* SceneDelegate.swift */; };
		0E122B6129EB29B4003A1EEB /* Main.storyboard in Resources */ = {isa = PBXBuildFile; fileRef = 0E122B5F29EB29B4003A1EEB /* Main.storyboard */; };
		0E122B6429EB29B4003A1EEB /* StoryboardContact.xcdatamodeld in Sources */ = {isa = PBXBuildFile; fileRef = 0E122B6229EB29B4003A1EEB /* StoryboardContact.xcdatamodeld */; };
		0E122B6629EB29B6003A1EEB /* Assets.xcassets in Resources */ = {isa = PBXBuildFile; fileRef = 0E122B6529EB29B6003A1EEB /* Assets.xcassets */; };
		0E122B6929EB29B6003A1EEB /* LaunchScreen.storyboard in Resources */ = {isa = PBXBuildFile; fileRef = 0E122B6729EB29B6003A1EEB /* LaunchScreen.storyboard */; };
		0E122B7429EB29B6003A1EEB /* StoryboardContactTests.swift in Sources */ = {isa = PBXBuildFile; fileRef = 0E122B7329EB29B6003A1EEB /* StoryboardContactTests.swift */; };
		0E122B7E29EB29B6003A1EEB /* StoryboardContactUITests.swift in Sources */ = {isa = PBXBuildFile; fileRef = 0E122B7D29EB29B6003A1EEB /* StoryboardContactUITests.swift */; };
		0E122B8029EB29B6003A1EEB /* StoryboardContactUITestsLaunchTests.swift in Sources */ = {isa = PBXBuildFile; fileRef = 0E122B7F29EB29B6003A1EEB /* StoryboardContactUITestsLaunchTests.swift */; };
		0E122B9229EB2A10003A1EEB /* HomeViewController.swift in Sources */ = {isa = PBXBuildFile; fileRef = 0E122B9029EB2A10003A1EEB /* HomeViewController.swift */; };
		0E122B9329EB2A10003A1EEB /* HomeViewController.xib in Resources */ = {isa = PBXBuildFile; fileRef = 0E122B9129EB2A10003A1EEB /* HomeViewController.xib */; };
		0E122B9529EB2A19003A1EEB /* BaseViewController.swift in Sources */ = {isa = PBXBuildFile; fileRef = 0E122B9429EB2A19003A1EEB /* BaseViewController.swift */; };
		0E122B9829EB2A35003A1EEB /* CreateViewController.swift in Sources */ = {isa = PBXBuildFile; fileRef = 0E122B9629EB2A35003A1EEB /* CreateViewController.swift */; };
		0E122B9929EB2A35003A1EEB /* CreateViewController.xib in Resources */ = {isa = PBXBuildFile; fileRef = 0E122B9729EB2A35003A1EEB /* CreateViewController.xib */; };
		0E122B9C29EB2A41003A1EEB /* EditViewController.swift in Sources */ = {isa = PBXBuildFile; fileRef = 0E122B9A29EB2A41003A1EEB /* EditViewController.swift */; };
		0E122B9D29EB2A41003A1EEB /* EditViewController.xib in Resources */ = {isa = PBXBuildFile; fileRef = 0E122B9B29EB2A41003A1EEB /* EditViewController.xib */; };
		0E122B9F29EB2A5B003A1EEB /* Contact.swift in Sources */ = {isa = PBXBuildFile; fileRef = 0E122B9E29EB2A5B003A1EEB /* Contact.swift */; };
		0E122BA229EB2F28003A1EEB /* ContactTableViewCell.swift in Sources */ = {isa = PBXBuildFile; fileRef = 0E122BA029EB2F28003A1EEB /* ContactTableViewCell.swift */; };
		0E122BA329EB2F28003A1EEB /* ContactTableViewCell.xib in Resources */ = {isa = PBXBuildFile; fileRef = 0E122BA129EB2F28003A1EEB /* ContactTableViewCell.xib */; };
		0EEBAC9C29FE3CA200B6D186 /* Network.swift in Sources */ = {isa = PBXBuildFile; fileRef = 0EF2404D29ED880C002D0D32 /* Network.swift */; };
		0EEBAC9D29FE3CA200B6D186 /* Network.swift in Sources */ = {isa = PBXBuildFile; fileRef = 0EF2404D29ED880C002D0D32 /* Network.swift */; };
		0EEBAC9E29FE3CA500B6D186 /* Contact.swift in Sources */ = {isa = PBXBuildFile; fileRef = 0E122B9E29EB2A5B003A1EEB /* Contact.swift */; };
		0EEBAC9F29FE3CA500B6D186 /* Contact.swift in Sources */ = {isa = PBXBuildFile; fileRef = 0E122B9E29EB2A5B003A1EEB /* Contact.swift */; };
		0EF2404E29ED880C002D0D32 /* Network.swift in Sources */ = {isa = PBXBuildFile; fileRef = 0EF2404D29ED880C002D0D32 /* Network.swift */; };
		ABB43750DC1A585E527349BE /* Pods_StoryboardContactTests.framework in Frameworks */ = {isa = PBXBuildFile; fileRef = 81F9AF717C1A6E46DC8AFF7D /* Pods_StoryboardContactTests.framework */; };
		CEDF46CDBCEBD6107ADAEBD7 /* Pods_StoryboardContact.framework in Frameworks */ = {isa = PBXBuildFile; fileRef = D49E05505E4D575291E78A98 /* Pods_StoryboardContact.framework */; };
		D75700E5C1172FF37A61F5F1 /* Pods_StoryboardContact_StoryboardContactUITests.framework in Frameworks */ = {isa = PBXBuildFile; fileRef = FDD2A037AC3D9C4D2C0CF4C5 /* Pods_StoryboardContact_StoryboardContactUITests.framework */; };
/* End PBXBuildFile section */

/* Begin PBXContainerItemProxy section */
		0E122B7029EB29B6003A1EEB /* PBXContainerItemProxy */ = {
			isa = PBXContainerItemProxy;
			containerPortal = 0E122B4E29EB29B4003A1EEB /* Project object */;
			proxyType = 1;
			remoteGlobalIDString = 0E122B5529EB29B4003A1EEB;
			remoteInfo = StoryboardContact;
		};
		0E122B7A29EB29B6003A1EEB /* PBXContainerItemProxy */ = {
			isa = PBXContainerItemProxy;
			containerPortal = 0E122B4E29EB29B4003A1EEB /* Project object */;
			proxyType = 1;
			remoteGlobalIDString = 0E122B5529EB29B4003A1EEB;
			remoteInfo = StoryboardContact;
		};
/* End PBXContainerItemProxy section */

/* Begin PBXFileReference section */
		015080542FC77458EE51B691 /* Pods-StoryboardContactTests.debug.xcconfig */ = {isa = PBXFileReference; includeInIndex = 1; lastKnownFileType = text.xcconfig; name = "Pods-StoryboardContactTests.debug.xcconfig"; path = "Target Support Files/Pods-StoryboardContactTests/Pods-StoryboardContactTests.debug.xcconfig"; sourceTree = "<group>"; };
		06F66844738DA9BBBFA3C4F1 /* Pods-StoryboardContact-StoryboardContactUITests.release.xcconfig */ = {isa = PBXFileReference; includeInIndex = 1; lastKnownFileType = text.xcconfig; name = "Pods-StoryboardContact-StoryboardContactUITests.release.xcconfig"; path = "Target Support Files/Pods-StoryboardContact-StoryboardContactUITests/Pods-StoryboardContact-StoryboardContactUITests.release.xcconfig"; sourceTree = "<group>"; };
		0E122B5629EB29B4003A1EEB /* StoryboardContact.app */ = {isa = PBXFileReference; explicitFileType = wrapper.application; includeInIndex = 0; path = StoryboardContact.app; sourceTree = BUILT_PRODUCTS_DIR; };
		0E122B5929EB29B4003A1EEB /* AppDelegate.swift */ = {isa = PBXFileReference; lastKnownFileType = sourcecode.swift; path = AppDelegate.swift; sourceTree = "<group>"; };
		0E122B5B29EB29B4003A1EEB /* SceneDelegate.swift */ = {isa = PBXFileReference; lastKnownFileType = sourcecode.swift; path = SceneDelegate.swift; sourceTree = "<group>"; };
		0E122B6029EB29B4003A1EEB /* Base */ = {isa = PBXFileReference; lastKnownFileType = file.storyboard; name = Base; path = Base.lproj/Main.storyboard; sourceTree = "<group>"; };
		0E122B6329EB29B4003A1EEB /* StoryboardContact.xcdatamodel */ = {isa = PBXFileReference; lastKnownFileType = wrapper.xcdatamodel; path = StoryboardContact.xcdatamodel; sourceTree = "<group>"; };
		0E122B6529EB29B6003A1EEB /* Assets.xcassets */ = {isa = PBXFileReference; lastKnownFileType = folder.assetcatalog; path = Assets.xcassets; sourceTree = "<group>"; };
		0E122B6829EB29B6003A1EEB /* Base */ = {isa = PBXFileReference; lastKnownFileType = file.storyboard; name = Base; path = Base.lproj/LaunchScreen.storyboard; sourceTree = "<group>"; };
		0E122B6A29EB29B6003A1EEB /* Info.plist */ = {isa = PBXFileReference; lastKnownFileType = text.plist.xml; path = Info.plist; sourceTree = "<group>"; };
		0E122B6F29EB29B6003A1EEB /* StoryboardContactTests.xctest */ = {isa = PBXFileReference; explicitFileType = wrapper.cfbundle; includeInIndex = 0; path = StoryboardContactTests.xctest; sourceTree = BUILT_PRODUCTS_DIR; };
		0E122B7329EB29B6003A1EEB /* StoryboardContactTests.swift */ = {isa = PBXFileReference; lastKnownFileType = sourcecode.swift; path = StoryboardContactTests.swift; sourceTree = "<group>"; };
		0E122B7929EB29B6003A1EEB /* StoryboardContactUITests.xctest */ = {isa = PBXFileReference; explicitFileType = wrapper.cfbundle; includeInIndex = 0; path = StoryboardContactUITests.xctest; sourceTree = BUILT_PRODUCTS_DIR; };
		0E122B7D29EB29B6003A1EEB /* StoryboardContactUITests.swift */ = {isa = PBXFileReference; lastKnownFileType = sourcecode.swift; path = StoryboardContactUITests.swift; sourceTree = "<group>"; };
		0E122B7F29EB29B6003A1EEB /* StoryboardContactUITestsLaunchTests.swift */ = {isa = PBXFileReference; lastKnownFileType = sourcecode.swift; path = StoryboardContactUITestsLaunchTests.swift; sourceTree = "<group>"; };
		0E122B9029EB2A10003A1EEB /* HomeViewController.swift */ = {isa = PBXFileReference; lastKnownFileType = sourcecode.swift; path = HomeViewController.swift; sourceTree = "<group>"; };
		0E122B9129EB2A10003A1EEB /* HomeViewController.xib */ = {isa = PBXFileReference; lastKnownFileType = file.xib; path = HomeViewController.xib; sourceTree = "<group>"; };
		0E122B9429EB2A19003A1EEB /* BaseViewController.swift */ = {isa = PBXFileReference; lastKnownFileType = sourcecode.swift; path = BaseViewController.swift; sourceTree = "<group>"; };
		0E122B9629EB2A35003A1EEB /* CreateViewController.swift */ = {isa = PBXFileReference; lastKnownFileType = sourcecode.swift; path = CreateViewController.swift; sourceTree = "<group>"; };
		0E122B9729EB2A35003A1EEB /* CreateViewController.xib */ = {isa = PBXFileReference; lastKnownFileType = file.xib; path = CreateViewController.xib; sourceTree = "<group>"; };
		0E122B9A29EB2A41003A1EEB /* EditViewController.swift */ = {isa = PBXFileReference; lastKnownFileType = sourcecode.swift; path = EditViewController.swift; sourceTree = "<group>"; };
		0E122B9B29EB2A41003A1EEB /* EditViewController.xib */ = {isa = PBXFileReference; lastKnownFileType = file.xib; path = EditViewController.xib; sourceTree = "<group>"; };
		0E122B9E29EB2A5B003A1EEB /* Contact.swift */ = {isa = PBXFileReference; lastKnownFileType = sourcecode.swift; path = Contact.swift; sourceTree = "<group>"; };
		0E122BA029EB2F28003A1EEB /* ContactTableViewCell.swift */ = {isa = PBXFileReference; lastKnownFileType = sourcecode.swift; path = ContactTableViewCell.swift; sourceTree = "<group>"; };
		0E122BA129EB2F28003A1EEB /* ContactTableViewCell.xib */ = {isa = PBXFileReference; lastKnownFileType = file.xib; path = ContactTableViewCell.xib; sourceTree = "<group>"; };
		0EF2404D29ED880C002D0D32 /* Network.swift */ = {isa = PBXFileReference; lastKnownFileType = sourcecode.swift; path = Network.swift; sourceTree = "<group>"; };
		42585BCAC6CE008569401A6E /* Pods-StoryboardContact.release.xcconfig */ = {isa = PBXFileReference; includeInIndex = 1; lastKnownFileType = text.xcconfig; name = "Pods-StoryboardContact.release.xcconfig"; path = "Target Support Files/Pods-StoryboardContact/Pods-StoryboardContact.release.xcconfig"; sourceTree = "<group>"; };
		67EA36C158A18497FF86C524 /* Pods-StoryboardContact.debug.xcconfig */ = {isa = PBXFileReference; includeInIndex = 1; lastKnownFileType = text.xcconfig; name = "Pods-StoryboardContact.debug.xcconfig"; path = "Target Support Files/Pods-StoryboardContact/Pods-StoryboardContact.debug.xcconfig"; sourceTree = "<group>"; };
		81F9AF717C1A6E46DC8AFF7D /* Pods_StoryboardContactTests.framework */ = {isa = PBXFileReference; explicitFileType = wrapper.framework; includeInIndex = 0; path = Pods_StoryboardContactTests.framework; sourceTree = BUILT_PRODUCTS_DIR; };
		8B469BA3587730F57BB1CE45 /* Pods-StoryboardContactTests.release.xcconfig */ = {isa = PBXFileReference; includeInIndex = 1; lastKnownFileType = text.xcconfig; name = "Pods-StoryboardContactTests.release.xcconfig"; path = "Target Support Files/Pods-StoryboardContactTests/Pods-StoryboardContactTests.release.xcconfig"; sourceTree = "<group>"; };
		D10EEAA4954DB7B04DA4ACAD /* Pods-StoryboardContact-StoryboardContactUITests.debug.xcconfig */ = {isa = PBXFileReference; includeInIndex = 1; lastKnownFileType = text.xcconfig; name = "Pods-StoryboardContact-StoryboardContactUITests.debug.xcconfig"; path = "Target Support Files/Pods-StoryboardContact-StoryboardContactUITests/Pods-StoryboardContact-StoryboardContactUITests.debug.xcconfig"; sourceTree = "<group>"; };
		D49E05505E4D575291E78A98 /* Pods_StoryboardContact.framework */ = {isa = PBXFileReference; explicitFileType = wrapper.framework; includeInIndex = 0; path = Pods_StoryboardContact.framework; sourceTree = BUILT_PRODUCTS_DIR; };
		FDD2A037AC3D9C4D2C0CF4C5 /* Pods_StoryboardContact_StoryboardContactUITests.framework */ = {isa = PBXFileReference; explicitFileType = wrapper.framework; includeInIndex = 0; path = Pods_StoryboardContact_StoryboardContactUITests.framework; sourceTree = BUILT_PRODUCTS_DIR; };
/* End PBXFileReference section */

/* Begin PBXFrameworksBuildPhase section */
		0E122B5329EB29B4003A1EEB /* Frameworks */ = {
			isa = PBXFrameworksBuildPhase;
			buildActionMask = 2147483647;
			files = (
				CEDF46CDBCEBD6107ADAEBD7 /* Pods_StoryboardContact.framework in Frameworks */,
			);
			runOnlyForDeploymentPostprocessing = 0;
		};
		0E122B6C29EB29B6003A1EEB /* Frameworks */ = {
			isa = PBXFrameworksBuildPhase;
			buildActionMask = 2147483647;
			files = (
				ABB43750DC1A585E527349BE /* Pods_StoryboardContactTests.framework in Frameworks */,
			);
			runOnlyForDeploymentPostprocessing = 0;
		};
		0E122B7629EB29B6003A1EEB /* Frameworks */ = {
			isa = PBXFrameworksBuildPhase;
			buildActionMask = 2147483647;
			files = (
				D75700E5C1172FF37A61F5F1 /* Pods_StoryboardContact_StoryboardContactUITests.framework in Frameworks */,
			);
			runOnlyForDeploymentPostprocessing = 0;
		};
/* End PBXFrameworksBuildPhase section */

/* Begin PBXGroup section */
		0E122B4D29EB29B4003A1EEB = {
			isa = PBXGroup;
			children = (
				0E122B5829EB29B4003A1EEB /* StoryboardContact */,
				0E122B7229EB29B6003A1EEB /* StoryboardContactTests */,
				0E122B7C29EB29B6003A1EEB /* StoryboardContactUITests */,
				0E122B5729EB29B4003A1EEB /* Products */,
				27049A34B44C735A0788B92E /* Pods */,
				11CCE0B0A46A693C6F62E963 /* Frameworks */,
			);
			sourceTree = "<group>";
		};
		0E122B5729EB29B4003A1EEB /* Products */ = {
			isa = PBXGroup;
			children = (
				0E122B5629EB29B4003A1EEB /* StoryboardContact.app */,
				0E122B6F29EB29B6003A1EEB /* StoryboardContactTests.xctest */,
				0E122B7929EB29B6003A1EEB /* StoryboardContactUITests.xctest */,
			);
			name = Products;
			sourceTree = "<group>";
		};
		0E122B5829EB29B4003A1EEB /* StoryboardContact */ = {
			isa = PBXGroup;
			children = (
				0E122B8F29EB29F0003A1EEB /* controllers */,
				0E122B8E29EB29EC003A1EEB /* cell */,
				0E122B8D29EB29E8003A1EEB /* model */,
				0EF2404C29ED87EE002D0D32 /* network */,
				0E122B8C29EB29D0003A1EEB /* apputils */,
				0E122B5929EB29B4003A1EEB /* AppDelegate.swift */,
				0E122B5B29EB29B4003A1EEB /* SceneDelegate.swift */,
				0E122B6A29EB29B6003A1EEB /* Info.plist */,
			);
			path = StoryboardContact;
			sourceTree = "<group>";
		};
		0E122B7229EB29B6003A1EEB /* StoryboardContactTests */ = {
			isa = PBXGroup;
			children = (
				0E122B7329EB29B6003A1EEB /* StoryboardContactTests.swift */,
			);
			path = StoryboardContactTests;
			sourceTree = "<group>";
		};
		0E122B7C29EB29B6003A1EEB /* StoryboardContactUITests */ = {
			isa = PBXGroup;
			children = (
				0E122B7D29EB29B6003A1EEB /* StoryboardContactUITests.swift */,
				0E122B7F29EB29B6003A1EEB /* StoryboardContactUITestsLaunchTests.swift */,
			);
			path = StoryboardContactUITests;
			sourceTree = "<group>";
		};
		0E122B8C29EB29D0003A1EEB /* apputils */ = {
			isa = PBXGroup;
			children = (
				0E122B5F29EB29B4003A1EEB /* Main.storyboard */,
				0E122B6529EB29B6003A1EEB /* Assets.xcassets */,
				0E122B6729EB29B6003A1EEB /* LaunchScreen.storyboard */,
				0E122B6229EB29B4003A1EEB /* StoryboardContact.xcdatamodeld */,
			);
			path = apputils;
			sourceTree = "<group>";
		};
		0E122B8D29EB29E8003A1EEB /* model */ = {
			isa = PBXGroup;
			children = (
				0E122B9E29EB2A5B003A1EEB /* Contact.swift */,
			);
			path = model;
			sourceTree = "<group>";
		};
		0E122B8E29EB29EC003A1EEB /* cell */ = {
			isa = PBXGroup;
			children = (
				0E122BA029EB2F28003A1EEB /* ContactTableViewCell.swift */,
				0E122BA129EB2F28003A1EEB /* ContactTableViewCell.xib */,
			);
			path = cell;
			sourceTree = "<group>";
		};
		0E122B8F29EB29F0003A1EEB /* controllers */ = {
			isa = PBXGroup;
			children = (
				0E122B9429EB2A19003A1EEB /* BaseViewController.swift */,
				0E122B9029EB2A10003A1EEB /* HomeViewController.swift */,
				0E122B9129EB2A10003A1EEB /* HomeViewController.xib */,
				0E122B9629EB2A35003A1EEB /* CreateViewController.swift */,
				0E122B9729EB2A35003A1EEB /* CreateViewController.xib */,
				0E122B9A29EB2A41003A1EEB /* EditViewController.swift */,
				0E122B9B29EB2A41003A1EEB /* EditViewController.xib */,
			);
			path = controllers;
			sourceTree = "<group>";
		};
		0EF2404C29ED87EE002D0D32 /* network */ = {
			isa = PBXGroup;
			children = (
				0EF2404D29ED880C002D0D32 /* Network.swift */,
			);
			path = network;
			sourceTree = "<group>";
		};
		11CCE0B0A46A693C6F62E963 /* Frameworks */ = {
			isa = PBXGroup;
			children = (
				D49E05505E4D575291E78A98 /* Pods_StoryboardContact.framework */,
				FDD2A037AC3D9C4D2C0CF4C5 /* Pods_StoryboardContact_StoryboardContactUITests.framework */,
				81F9AF717C1A6E46DC8AFF7D /* Pods_StoryboardContactTests.framework */,
			);
			name = Frameworks;
			sourceTree = "<group>";
		};
		27049A34B44C735A0788B92E /* Pods */ = {
			isa = PBXGroup;
			children = (
				67EA36C158A18497FF86C524 /* Pods-StoryboardContact.debug.xcconfig */,
				42585BCAC6CE008569401A6E /* Pods-StoryboardContact.release.xcconfig */,
				D10EEAA4954DB7B04DA4ACAD /* Pods-StoryboardContact-StoryboardContactUITests.debug.xcconfig */,
				06F66844738DA9BBBFA3C4F1 /* Pods-StoryboardContact-StoryboardContactUITests.release.xcconfig */,
				015080542FC77458EE51B691 /* Pods-StoryboardContactTests.debug.xcconfig */,
				8B469BA3587730F57BB1CE45 /* Pods-StoryboardContactTests.release.xcconfig */,
			);
			path = Pods;
			sourceTree = "<group>";
		};
/* End PBXGroup section */

/* Begin PBXNativeTarget section */
		0E122B5529EB29B4003A1EEB /* StoryboardContact */ = {
			isa = PBXNativeTarget;
			buildConfigurationList = 0E122B8329EB29B6003A1EEB /* Build configuration list for PBXNativeTarget "StoryboardContact" */;
			buildPhases = (
				2A4D1057768AED8E2064A619 /* [CP] Check Pods Manifest.lock */,
				0E122B5229EB29B4003A1EEB /* Sources */,
				0E122B5329EB29B4003A1EEB /* Frameworks */,
				0E122B5429EB29B4003A1EEB /* Resources */,
				942A422F4EA65A25FDCBD252 /* [CP] Embed Pods Frameworks */,
			);
			buildRules = (
			);
			dependencies = (
			);
			name = StoryboardContact;
			productName = StoryboardContact;
			productReference = 0E122B5629EB29B4003A1EEB /* StoryboardContact.app */;
			productType = "com.apple.product-type.application";
		};
		0E122B6E29EB29B6003A1EEB /* StoryboardContactTests */ = {
			isa = PBXNativeTarget;
			buildConfigurationList = 0E122B8629EB29B6003A1EEB /* Build configuration list for PBXNativeTarget "StoryboardContactTests" */;
			buildPhases = (
				2655F2DD5CD673091829F4C7 /* [CP] Check Pods Manifest.lock */,
				0E122B6B29EB29B6003A1EEB /* Sources */,
				0E122B6C29EB29B6003A1EEB /* Frameworks */,
				0E122B6D29EB29B6003A1EEB /* Resources */,
			);
			buildRules = (
			);
			dependencies = (
				0E122B7129EB29B6003A1EEB /* PBXTargetDependency */,
			);
			name = StoryboardContactTests;
			productName = StoryboardContactTests;
			productReference = 0E122B6F29EB29B6003A1EEB /* StoryboardContactTests.xctest */;
			productType = "com.apple.product-type.bundle.unit-test";
		};
		0E122B7829EB29B6003A1EEB /* StoryboardContactUITests */ = {
			isa = PBXNativeTarget;
			buildConfigurationList = 0E122B8929EB29B6003A1EEB /* Build configuration list for PBXNativeTarget "StoryboardContactUITests" */;
			buildPhases = (
				49335A4844B89BFECA972C28 /* [CP] Check Pods Manifest.lock */,
				0E122B7529EB29B6003A1EEB /* Sources */,
				0E122B7629EB29B6003A1EEB /* Frameworks */,
				0E122B7729EB29B6003A1EEB /* Resources */,
				9497AD7EE982BA308E683598 /* [CP] Embed Pods Frameworks */,
			);
			buildRules = (
			);
			dependencies = (
				0E122B7B29EB29B6003A1EEB /* PBXTargetDependency */,
			);
			name = StoryboardContactUITests;
			productName = StoryboardContactUITests;
			productReference = 0E122B7929EB29B6003A1EEB /* StoryboardContactUITests.xctest */;
			productType = "com.apple.product-type.bundle.ui-testing";
		};
/* End PBXNativeTarget section */

/* Begin PBXProject section */
		0E122B4E29EB29B4003A1EEB /* Project object */ = {
			isa = PBXProject;
			attributes = {
				BuildIndependentTargetsInParallel = 1;
				LastSwiftUpdateCheck = 1430;
				LastUpgradeCheck = 1430;
				TargetAttributes = {
					0E122B5529EB29B4003A1EEB = {
						CreatedOnToolsVersion = 14.3;
					};
					0E122B6E29EB29B6003A1EEB = {
						CreatedOnToolsVersion = 14.3;
						TestTargetID = 0E122B5529EB29B4003A1EEB;
					};
					0E122B7829EB29B6003A1EEB = {
						CreatedOnToolsVersion = 14.3;
						TestTargetID = 0E122B5529EB29B4003A1EEB;
					};
				};
			};
			buildConfigurationList = 0E122B5129EB29B4003A1EEB /* Build configuration list for PBXProject "StoryboardContact" */;
			compatibilityVersion = "Xcode 14.0";
			developmentRegion = en;
			hasScannedForEncodings = 0;
			knownRegions = (
				en,
				Base,
			);
			mainGroup = 0E122B4D29EB29B4003A1EEB;
			productRefGroup = 0E122B5729EB29B4003A1EEB /* Products */;
			projectDirPath = "";
			projectRoot = "";
			targets = (
				0E122B5529EB29B4003A1EEB /* StoryboardContact */,
				0E122B6E29EB29B6003A1EEB /* StoryboardContactTests */,
				0E122B7829EB29B6003A1EEB /* StoryboardContactUITests */,
			);
		};
/* End PBXProject section */

/* Begin PBXResourcesBuildPhase section */
		0E122B5429EB29B4003A1EEB /* Resources */ = {
			isa = PBXResourcesBuildPhase;
			buildActionMask = 2147483647;
			files = (
				0E122B9D29EB2A41003A1EEB /* EditViewController.xib in Resources */,
				0E122B6929EB29B6003A1EEB /* LaunchScreen.storyboard in Resources */,
				0E122BA329EB2F28003A1EEB /* ContactTableViewCell.xib in Resources */,
				0E122B9929EB2A35003A1EEB /* CreateViewController.xib in Resources */,
				0E122B6629EB29B6003A1EEB /* Assets.xcassets in Resources */,
				0E122B6129EB29B4003A1EEB /* Main.storyboard in Resources */,
				0E122B9329EB2A10003A1EEB /* HomeViewController.xib in Resources */,
			);
			runOnlyForDeploymentPostprocessing = 0;
		};
		0E122B6D29EB29B6003A1EEB /* Resources */ = {
			isa = PBXResourcesBuildPhase;
			buildActionMask = 2147483647;
			files = (
			);
			runOnlyForDeploymentPostprocessing = 0;
		};
		0E122B7729EB29B6003A1EEB /* Resources */ = {
			isa = PBXResourcesBuildPhase;
			buildActionMask = 2147483647;
			files = (
			);
			runOnlyForDeploymentPostprocessing = 0;
		};
/* End PBXResourcesBuildPhase section */

/* Begin PBXShellScriptBuildPhase section */
		2655F2DD5CD673091829F4C7 /* [CP] Check Pods Manifest.lock */ = {
			isa = PBXShellScriptBuildPhase;
			buildActionMask = 2147483647;
			files = (
			);
			inputFileListPaths = (
			);
			inputPaths = (
				"${PODS_PODFILE_DIR_PATH}/Podfile.lock",
				"${PODS_ROOT}/Manifest.lock",
			);
			name = "[CP] Check Pods Manifest.lock";
			outputFileListPaths = (
			);
			outputPaths = (
				"$(DERIVED_FILE_DIR)/Pods-StoryboardContactTests-checkManifestLockResult.txt",
			);
			runOnlyForDeploymentPostprocessing = 0;
			shellPath = /bin/sh;
			shellScript = "diff \"${PODS_PODFILE_DIR_PATH}/Podfile.lock\" \"${PODS_ROOT}/Manifest.lock\" > /dev/null\nif [ $? != 0 ] ; then\n    # print error to STDERR\n    echo \"error: The sandbox is not in sync with the Podfile.lock. Run 'pod install' or update your CocoaPods installation.\" >&2\n    exit 1\nfi\n# This output is used by Xcode 'outputs' to avoid re-running this script phase.\necho \"SUCCESS\" > \"${SCRIPT_OUTPUT_FILE_0}\"\n";
			showEnvVarsInLog = 0;
		};
		2A4D1057768AED8E2064A619 /* [CP] Check Pods Manifest.lock */ = {
			isa = PBXShellScriptBuildPhase;
			buildActionMask = 2147483647;
			files = (
			);
			inputFileListPaths = (
			);
			inputPaths = (
				"${PODS_PODFILE_DIR_PATH}/Podfile.lock",
				"${PODS_ROOT}/Manifest.lock",
			);
			name = "[CP] Check Pods Manifest.lock";
			outputFileListPaths = (
			);
			outputPaths = (
				"$(DERIVED_FILE_DIR)/Pods-StoryboardContact-checkManifestLockResult.txt",
			);
			runOnlyForDeploymentPostprocessing = 0;
			shellPath = /bin/sh;
			shellScript = "diff \"${PODS_PODFILE_DIR_PATH}/Podfile.lock\" \"${PODS_ROOT}/Manifest.lock\" > /dev/null\nif [ $? != 0 ] ; then\n    # print error to STDERR\n    echo \"error: The sandbox is not in sync with the Podfile.lock. Run 'pod install' or update your CocoaPods installation.\" >&2\n    exit 1\nfi\n# This output is used by Xcode 'outputs' to avoid re-running this script phase.\necho \"SUCCESS\" > \"${SCRIPT_OUTPUT_FILE_0}\"\n";
			showEnvVarsInLog = 0;
		};
		49335A4844B89BFECA972C28 /* [CP] Check Pods Manifest.lock */ = {
			isa = PBXShellScriptBuildPhase;
			buildActionMask = 2147483647;
			files = (
			);
			inputFileListPaths = (
			);
			inputPaths = (
				"${PODS_PODFILE_DIR_PATH}/Podfile.lock",
				"${PODS_ROOT}/Manifest.lock",
			);
			name = "[CP] Check Pods Manifest.lock";
			outputFileListPaths = (
			);
			outputPaths = (
				"$(DERIVED_FILE_DIR)/Pods-StoryboardContact-StoryboardContactUITests-checkManifestLockResult.txt",
			);
			runOnlyForDeploymentPostprocessing = 0;
			shellPath = /bin/sh;
			shellScript = "diff \"${PODS_PODFILE_DIR_PATH}/Podfile.lock\" \"${PODS_ROOT}/Manifest.lock\" > /dev/null\nif [ $? != 0 ] ; then\n    # print error to STDERR\n    echo \"error: The sandbox is not in sync with the Podfile.lock. Run 'pod install' or update your CocoaPods installation.\" >&2\n    exit 1\nfi\n# This output is used by Xcode 'outputs' to avoid re-running this script phase.\necho \"SUCCESS\" > \"${SCRIPT_OUTPUT_FILE_0}\"\n";
			showEnvVarsInLog = 0;
		};
		942A422F4EA65A25FDCBD252 /* [CP] Embed Pods Frameworks */ = {
			isa = PBXShellScriptBuildPhase;
			buildActionMask = 2147483647;
			files = (
			);
			inputFileListPaths = (
				"${PODS_ROOT}/Target Support Files/Pods-StoryboardContact/Pods-StoryboardContact-frameworks-${CONFIGURATION}-input-files.xcfilelist",
			);
			name = "[CP] Embed Pods Frameworks";
			outputFileListPaths = (
				"${PODS_ROOT}/Target Support Files/Pods-StoryboardContact/Pods-StoryboardContact-frameworks-${CONFIGURATION}-output-files.xcfilelist",
			);
			runOnlyForDeploymentPostprocessing = 0;
			shellPath = /bin/sh;
			shellScript = "\"${PODS_ROOT}/Target Support Files/Pods-StoryboardContact/Pods-StoryboardContact-frameworks.sh\"\n";
			showEnvVarsInLog = 0;
		};
		9497AD7EE982BA308E683598 /* [CP] Embed Pods Frameworks */ = {
			isa = PBXShellScriptBuildPhase;
			buildActionMask = 2147483647;
			files = (
			);
			inputFileListPaths = (
				"${PODS_ROOT}/Target Support Files/Pods-StoryboardContact-StoryboardContactUITests/Pods-StoryboardContact-StoryboardContactUITests-frameworks-${CONFIGURATION}-input-files.xcfilelist",
			);
			name = "[CP] Embed Pods Frameworks";
			outputFileListPaths = (
				"${PODS_ROOT}/Target Support Files/Pods-StoryboardContact-StoryboardContactUITests/Pods-StoryboardContact-StoryboardContactUITests-frameworks-${CONFIGURATION}-output-files.xcfilelist",
			);
			runOnlyForDeploymentPostprocessing = 0;
			shellPath = /bin/sh;
			shellScript = "\"${PODS_ROOT}/Target Support Files/Pods-StoryboardContact-StoryboardContactUITests/Pods-StoryboardContact-StoryboardContactUITests-frameworks.sh\"\n";
			showEnvVarsInLog = 0;
		};
/* End PBXShellScriptBuildPhase section */

/* Begin PBXSourcesBuildPhase section */
		0E122B5229EB29B4003A1EEB /* Sources */ = {
			isa = PBXSourcesBuildPhase;
			buildActionMask = 2147483647;
			files = (
				0EF2404E29ED880C002D0D32 /* Network.swift in Sources */,
				0E122B9529EB2A19003A1EEB /* BaseViewController.swift in Sources */,
				0E122B5A29EB29B4003A1EEB /* AppDelegate.swift in Sources */,
				0E122B9829EB2A35003A1EEB /* CreateViewController.swift in Sources */,
				0E122B5C29EB29B4003A1EEB /* SceneDelegate.swift in Sources */,
				0E122B9F29EB2A5B003A1EEB /* Contact.swift in Sources */,
				0E122B6429EB29B4003A1EEB /* StoryboardContact.xcdatamodeld in Sources */,
				0E122BA229EB2F28003A1EEB /* ContactTableViewCell.swift in Sources */,
				0E122B9229EB2A10003A1EEB /* HomeViewController.swift in Sources */,
				0E122B9C29EB2A41003A1EEB /* EditViewController.swift in Sources */,
			);
			runOnlyForDeploymentPostprocessing = 0;
		};
		0E122B6B29EB29B6003A1EEB /* Sources */ = {
			isa = PBXSourcesBuildPhase;
			buildActionMask = 2147483647;
			files = (
				0EEBAC9E29FE3CA500B6D186 /* Contact.swift in Sources */,
				0EEBAC9C29FE3CA200B6D186 /* Network.swift in Sources */,
				0E122B7429EB29B6003A1EEB /* StoryboardContactTests.swift in Sources */,
			);
			runOnlyForDeploymentPostprocessing = 0;
		};
		0E122B7529EB29B6003A1EEB /* Sources */ = {
			isa = PBXSourcesBuildPhase;
			buildActionMask = 2147483647;
			files = (
				0EEBAC9F29FE3CA500B6D186 /* Contact.swift in Sources */,
				0E122B8029EB29B6003A1EEB /* StoryboardContactUITestsLaunchTests.swift in Sources */,
				0E122B7E29EB29B6003A1EEB /* StoryboardContactUITests.swift in Sources */,
				0EEBAC9D29FE3CA200B6D186 /* Network.swift in Sources */,
			);
			runOnlyForDeploymentPostprocessing = 0;
		};
/* End PBXSourcesBuildPhase section */

/* Begin PBXTargetDependency section */
		0E122B7129EB29B6003A1EEB /* PBXTargetDependency */ = {
			isa = PBXTargetDependency;
			target = 0E122B5529EB29B4003A1EEB /* StoryboardContact */;
			targetProxy = 0E122B7029EB29B6003A1EEB /* PBXContainerItemProxy */;
		};
		0E122B7B29EB29B6003A1EEB /* PBXTargetDependency */ = {
			isa = PBXTargetDependency;
			target = 0E122B5529EB29B4003A1EEB /* StoryboardContact */;
			targetProxy = 0E122B7A29EB29B6003A1EEB /* PBXContainerItemProxy */;
		};
/* End PBXTargetDependency section */

/* Begin PBXVariantGroup section */
		0E122B5F29EB29B4003A1EEB /* Main.storyboard */ = {
			isa = PBXVariantGroup;
			children = (
				0E122B6029EB29B4003A1EEB /* Base */,
			);
			name = Main.storyboard;
			sourceTree = "<group>";
		};
		0E122B6729EB29B6003A1EEB /* LaunchScreen.storyboard */ = {
			isa = PBXVariantGroup;
			children = (
				0E122B6829EB29B6003A1EEB /* Base */,
			);
			name = LaunchScreen.storyboard;
			sourceTree = "<group>";
		};
/* End PBXVariantGroup section */

/* Begin XCBuildConfiguration section */
		0E122B8129EB29B6003A1EEB /* Debug */ = {
			isa = XCBuildConfiguration;
			buildSettings = {
				ALWAYS_SEARCH_USER_PATHS = NO;
				CLANG_ANALYZER_NONNULL = YES;
				CLANG_ANALYZER_NUMBER_OBJECT_CONVERSION = YES_AGGRESSIVE;
				CLANG_CXX_LANGUAGE_STANDARD = "gnu++20";
				CLANG_ENABLE_MODULES = YES;
				CLANG_ENABLE_OBJC_ARC = YES;
				CLANG_ENABLE_OBJC_WEAK = YES;
				CLANG_WARN_BLOCK_CAPTURE_AUTORELEASING = YES;
				CLANG_WARN_BOOL_CONVERSION = YES;
				CLANG_WARN_COMMA = YES;
				CLANG_WARN_CONSTANT_CONVERSION = YES;
				CLANG_WARN_DEPRECATED_OBJC_IMPLEMENTATIONS = YES;
				CLANG_WARN_DIRECT_OBJC_ISA_USAGE = YES_ERROR;
				CLANG_WARN_DOCUMENTATION_COMMENTS = YES;
				CLANG_WARN_EMPTY_BODY = YES;
				CLANG_WARN_ENUM_CONVERSION = YES;
				CLANG_WARN_INFINITE_RECURSION = YES;
				CLANG_WARN_INT_CONVERSION = YES;
				CLANG_WARN_NON_LITERAL_NULL_CONVERSION = YES;
				CLANG_WARN_OBJC_IMPLICIT_RETAIN_SELF = YES;
				CLANG_WARN_OBJC_LITERAL_CONVERSION = YES;
				CLANG_WARN_OBJC_ROOT_CLASS = YES_ERROR;
				CLANG_WARN_QUOTED_INCLUDE_IN_FRAMEWORK_HEADER = YES;
				CLANG_WARN_RANGE_LOOP_ANALYSIS = YES;
				CLANG_WARN_STRICT_PROTOTYPES = YES;
				CLANG_WARN_SUSPICIOUS_MOVE = YES;
				CLANG_WARN_UNGUARDED_AVAILABILITY = YES_AGGRESSIVE;
				CLANG_WARN_UNREACHABLE_CODE = YES;
				CLANG_WARN__DUPLICATE_METHOD_MATCH = YES;
				COPY_PHASE_STRIP = NO;
				DEBUG_INFORMATION_FORMAT = dwarf;
				ENABLE_STRICT_OBJC_MSGSEND = YES;
				ENABLE_TESTABILITY = YES;
				GCC_C_LANGUAGE_STANDARD = gnu11;
				GCC_DYNAMIC_NO_PIC = NO;
				GCC_NO_COMMON_BLOCKS = YES;
				GCC_OPTIMIZATION_LEVEL = 0;
				GCC_PREPROCESSOR_DEFINITIONS = (
					"DEBUG=1",
					"$(inherited)",
				);
				GCC_WARN_64_TO_32_BIT_CONVERSION = YES;
				GCC_WARN_ABOUT_RETURN_TYPE = YES_ERROR;
				GCC_WARN_UNDECLARED_SELECTOR = YES;
				GCC_WARN_UNINITIALIZED_AUTOS = YES_AGGRESSIVE;
				GCC_WARN_UNUSED_FUNCTION = YES;
				GCC_WARN_UNUSED_VARIABLE = YES;
				IPHONEOS_DEPLOYMENT_TARGET = 16.4;
				MTL_ENABLE_DEBUG_INFO = INCLUDE_SOURCE;
				MTL_FAST_MATH = YES;
				ONLY_ACTIVE_ARCH = YES;
				SDKROOT = iphoneos;
				SWIFT_ACTIVE_COMPILATION_CONDITIONS = DEBUG;
				SWIFT_OPTIMIZATION_LEVEL = "-Onone";
			};
			name = Debug;
		};
		0E122B8229EB29B6003A1EEB /* Release */ = {
			isa = XCBuildConfiguration;
			buildSettings = {
				ALWAYS_SEARCH_USER_PATHS = NO;
				CLANG_ANALYZER_NONNULL = YES;
				CLANG_ANALYZER_NUMBER_OBJECT_CONVERSION = YES_AGGRESSIVE;
				CLANG_CXX_LANGUAGE_STANDARD = "gnu++20";
				CLANG_ENABLE_MODULES = YES;
				CLANG_ENABLE_OBJC_ARC = YES;
				CLANG_ENABLE_OBJC_WEAK = YES;
				CLANG_WARN_BLOCK_CAPTURE_AUTORELEASING = YES;
				CLANG_WARN_BOOL_CONVERSION = YES;
				CLANG_WARN_COMMA = YES;
				CLANG_WARN_CONSTANT_CONVERSION = YES;
				CLANG_WARN_DEPRECATED_OBJC_IMPLEMENTATIONS = YES;
				CLANG_WARN_DIRECT_OBJC_ISA_USAGE = YES_ERROR;
				CLANG_WARN_DOCUMENTATION_COMMENTS = YES;
				CLANG_WARN_EMPTY_BODY = YES;
				CLANG_WARN_ENUM_CONVERSION = YES;
				CLANG_WARN_INFINITE_RECURSION = YES;
				CLANG_WARN_INT_CONVERSION = YES;
				CLANG_WARN_NON_LITERAL_NULL_CONVERSION = YES;
				CLANG_WARN_OBJC_IMPLICIT_RETAIN_SELF = YES;
				CLANG_WARN_OBJC_LITERAL_CONVERSION = YES;
				CLANG_WARN_OBJC_ROOT_CLASS = YES_ERROR;
				CLANG_WARN_QUOTED_INCLUDE_IN_FRAMEWORK_HEADER = YES;
				CLANG_WARN_RANGE_LOOP_ANALYSIS = YES;
				CLANG_WARN_STRICT_PROTOTYPES = YES;
				CLANG_WARN_SUSPICIOUS_MOVE = YES;
				CLANG_WARN_UNGUARDED_AVAILABILITY = YES_AGGRESSIVE;
				CLANG_WARN_UNREACHABLE_CODE = YES;
				CLANG_WARN__DUPLICATE_METHOD_MATCH = YES;
				COPY_PHASE_STRIP = NO;
				DEBUG_INFORMATION_FORMAT = "dwarf-with-dsym";
				ENABLE_NS_ASSERTIONS = NO;
				ENABLE_STRICT_OBJC_MSGSEND = YES;
				GCC_C_LANGUAGE_STANDARD = gnu11;
				GCC_NO_COMMON_BLOCKS = YES;
				GCC_WARN_64_TO_32_BIT_CONVERSION = YES;
				GCC_WARN_ABOUT_RETURN_TYPE = YES_ERROR;
				GCC_WARN_UNDECLARED_SELECTOR = YES;
				GCC_WARN_UNINITIALIZED_AUTOS = YES_AGGRESSIVE;
				GCC_WARN_UNUSED_FUNCTION = YES;
				GCC_WARN_UNUSED_VARIABLE = YES;
				IPHONEOS_DEPLOYMENT_TARGET = 16.4;
				MTL_ENABLE_DEBUG_INFO = NO;
				MTL_FAST_MATH = YES;
				SDKROOT = iphoneos;
				SWIFT_COMPILATION_MODE = wholemodule;
				SWIFT_OPTIMIZATION_LEVEL = "-O";
				VALIDATE_PRODUCT = YES;
			};
			name = Release;
		};
		0E122B8429EB29B6003A1EEB /* Debug */ = {
			isa = XCBuildConfiguration;
			baseConfigurationReference = 67EA36C158A18497FF86C524 /* Pods-StoryboardContact.debug.xcconfig */;
			buildSettings = {
				ASSETCATALOG_COMPILER_APPICON_NAME = AppIcon;
				ASSETCATALOG_COMPILER_GLOBAL_ACCENT_COLOR_NAME = AccentColor;
				CODE_SIGN_STYLE = Automatic;
				CURRENT_PROJECT_VERSION = 1;
				GENERATE_INFOPLIST_FILE = YES;
				INFOPLIST_FILE = StoryboardContact/Info.plist;
				INFOPLIST_KEY_UIApplicationSupportsIndirectInputEvents = YES;
				INFOPLIST_KEY_UILaunchStoryboardName = LaunchScreen;
				INFOPLIST_KEY_UIMainStoryboardFile = Main;
				INFOPLIST_KEY_UISupportedInterfaceOrientations_iPad = "UIInterfaceOrientationPortrait UIInterfaceOrientationPortraitUpsideDown UIInterfaceOrientationLandscapeLeft UIInterfaceOrientationLandscapeRight";
				INFOPLIST_KEY_UISupportedInterfaceOrientations_iPhone = "UIInterfaceOrientationPortrait UIInterfaceOrientationLandscapeLeft UIInterfaceOrientationLandscapeRight";
				IPHONEOS_DEPLOYMENT_TARGET = 16.2;
				LD_RUNPATH_SEARCH_PATHS = (
					"$(inherited)",
					"@executable_path/Frameworks",
				);
				MARKETING_VERSION = 1.0;
				PRODUCT_BUNDLE_IDENTIFIER = com.mysoft.StoryboardContact;
				PRODUCT_NAME = "$(TARGET_NAME)";
				SUPPORTED_PLATFORMS = "iphoneos iphonesimulator";
				SUPPORTS_MACCATALYST = NO;
				SUPPORTS_MAC_DESIGNED_FOR_IPHONE_IPAD = NO;
				SWIFT_EMIT_LOC_STRINGS = YES;
				SWIFT_VERSION = 5.0;
				TARGETED_DEVICE_FAMILY = "1,2";
			};
			name = Debug;
		};
		0E122B8529EB29B6003A1EEB /* Release */ = {
			isa = XCBuildConfiguration;
			baseConfigurationReference = 42585BCAC6CE008569401A6E /* Pods-StoryboardContact.release.xcconfig */;
			buildSettings = {
				ASSETCATALOG_COMPILER_APPICON_NAME = AppIcon;
				ASSETCATALOG_COMPILER_GLOBAL_ACCENT_COLOR_NAME = AccentColor;
				CODE_SIGN_STYLE = Automatic;
				CURRENT_PROJECT_VERSION = 1;
				GENERATE_INFOPLIST_FILE = YES;
				INFOPLIST_FILE = StoryboardContact/Info.plist;
				INFOPLIST_KEY_UIApplicationSupportsIndirectInputEvents = YES;
				INFOPLIST_KEY_UILaunchStoryboardName = LaunchScreen;
				INFOPLIST_KEY_UIMainStoryboardFile = Main;
				INFOPLIST_KEY_UISupportedInterfaceOrientations_iPad = "UIInterfaceOrientationPortrait UIInterfaceOrientationPortraitUpsideDown UIInterfaceOrientationLandscapeLeft UIInterfaceOrientationLandscapeRight";
				INFOPLIST_KEY_UISupportedInterfaceOrientations_iPhone = "UIInterfaceOrientationPortrait UIInterfaceOrientationLandscapeLeft UIInterfaceOrientationLandscapeRight";
				IPHONEOS_DEPLOYMENT_TARGET = 16.2;
				LD_RUNPATH_SEARCH_PATHS = (
					"$(inherited)",
					"@executable_path/Frameworks",
				);
				MARKETING_VERSION = 1.0;
				PRODUCT_BUNDLE_IDENTIFIER = com.mysoft.StoryboardContact;
				PRODUCT_NAME = "$(TARGET_NAME)";
				SUPPORTED_PLATFORMS = "iphoneos iphonesimulator";
				SUPPORTS_MACCATALYST = NO;
				SUPPORTS_MAC_DESIGNED_FOR_IPHONE_IPAD = NO;
				SWIFT_EMIT_LOC_STRINGS = YES;
				SWIFT_VERSION = 5.0;
				TARGETED_DEVICE_FAMILY = "1,2";
			};
			name = Release;
		};
		0E122B8729EB29B6003A1EEB /* Debug */ = {
			isa = XCBuildConfiguration;
			baseConfigurationReference = 015080542FC77458EE51B691 /* Pods-StoryboardContactTests.debug.xcconfig */;
			buildSettings = {
				ALWAYS_EMBED_SWIFT_STANDARD_LIBRARIES = YES;
				BUNDLE_LOADER = "$(TEST_HOST)";
				CODE_SIGN_STYLE = Automatic;
				CURRENT_PROJECT_VERSION = 1;
				GENERATE_INFOPLIST_FILE = YES;
				IPHONEOS_DEPLOYMENT_TARGET = 16.2;
				MARKETING_VERSION = 1.0;
				PRODUCT_BUNDLE_IDENTIFIER = com.mysoft.StoryboardContactTests;
				PRODUCT_NAME = "$(TARGET_NAME)";
				SUPPORTED_PLATFORMS = "iphoneos iphonesimulator";
				SUPPORTS_MACCATALYST = NO;
				SUPPORTS_MAC_DESIGNED_FOR_IPHONE_IPAD = NO;
				SWIFT_EMIT_LOC_STRINGS = NO;
				SWIFT_VERSION = 5.0;
				TARGETED_DEVICE_FAMILY = "1,2";
				TEST_HOST = "$(BUILT_PRODUCTS_DIR)/StoryboardContact.app/$(BUNDLE_EXECUTABLE_FOLDER_PATH)/StoryboardContact";
			};
			name = Debug;
		};
		0E122B8829EB29B6003A1EEB /* Release */ = {
			isa = XCBuildConfiguration;
			baseConfigurationReference = 8B469BA3587730F57BB1CE45 /* Pods-StoryboardContactTests.release.xcconfig */;
			buildSettings = {
				ALWAYS_EMBED_SWIFT_STANDARD_LIBRARIES = YES;
				BUNDLE_LOADER = "$(TEST_HOST)";
				CODE_SIGN_STYLE = Automatic;
				CURRENT_PROJECT_VERSION = 1;
				GENERATE_INFOPLIST_FILE = YES;
				IPHONEOS_DEPLOYMENT_TARGET = 16.2;
				MARKETING_VERSION = 1.0;
				PRODUCT_BUNDLE_IDENTIFIER = com.mysoft.StoryboardContactTests;
				PRODUCT_NAME = "$(TARGET_NAME)";
				SUPPORTED_PLATFORMS = "iphoneos iphonesimulator";
				SUPPORTS_MACCATALYST = NO;
				SUPPORTS_MAC_DESIGNED_FOR_IPHONE_IPAD = NO;
				SWIFT_EMIT_LOC_STRINGS = NO;
				SWIFT_VERSION = 5.0;
				TARGETED_DEVICE_FAMILY = "1,2";
				TEST_HOST = "$(BUILT_PRODUCTS_DIR)/StoryboardContact.app/$(BUNDLE_EXECUTABLE_FOLDER_PATH)/StoryboardContact";
			};
			name = Release;
		};
		0E122B8A29EB29B6003A1EEB /* Debug */ = {
			isa = XCBuildConfiguration;
			baseConfigurationReference = D10EEAA4954DB7B04DA4ACAD /* Pods-StoryboardContact-StoryboardContactUITests.debug.xcconfig */;
			buildSettings = {
				ALWAYS_EMBED_SWIFT_STANDARD_LIBRARIES = YES;
				CODE_SIGN_STYLE = Automatic;
				CURRENT_PROJECT_VERSION = 1;
				GENERATE_INFOPLIST_FILE = YES;
				IPHONEOS_DEPLOYMENT_TARGET = 16.2;
				MARKETING_VERSION = 1.0;
				PRODUCT_BUNDLE_IDENTIFIER = com.mysoft.StoryboardContactUITests;
				PRODUCT_NAME = "$(TARGET_NAME)";
				SWIFT_EMIT_LOC_STRINGS = NO;
				SWIFT_VERSION = 5.0;
				TARGETED_DEVICE_FAMILY = "1,2";
				TEST_TARGET_NAME = StoryboardContact;
			};
			name = Debug;
		};
		0E122B8B29EB29B6003A1EEB /* Release */ = {
			isa = XCBuildConfiguration;
			baseConfigurationReference = 06F66844738DA9BBBFA3C4F1 /* Pods-StoryboardContact-StoryboardContactUITests.release.xcconfig */;
			buildSettings = {
				ALWAYS_EMBED_SWIFT_STANDARD_LIBRARIES = YES;
				CODE_SIGN_STYLE = Automatic;
				CURRENT_PROJECT_VERSION = 1;
				GENERATE_INFOPLIST_FILE = YES;
				IPHONEOS_DEPLOYMENT_TARGET = 16.2;
				MARKETING_VERSION = 1.0;
				PRODUCT_BUNDLE_IDENTIFIER = com.mysoft.StoryboardContactUITests;
				PRODUCT_NAME = "$(TARGET_NAME)";
				SWIFT_EMIT_LOC_STRINGS = NO;
				SWIFT_VERSION = 5.0;
				TARGETED_DEVICE_FAMILY = "1,2";
				TEST_TARGET_NAME = StoryboardContact;
			};
			name = Release;
		};
/* End XCBuildConfiguration section */

/* Begin XCConfigurationList section */
		0E122B5129EB29B4003A1EEB /* Build configuration list for PBXProject "StoryboardContact" */ = {
			isa = XCConfigurationList;
			buildConfigurations = (
				0E122B8129EB29B6003A1EEB /* Debug */,
				0E122B8229EB29B6003A1EEB /* Release */,
			);
			defaultConfigurationIsVisible = 0;
			defaultConfigurationName = Release;
		};
		0E122B8329EB29B6003A1EEB /* Build configuration list for PBXNativeTarget "StoryboardContact" */ = {
			isa = XCConfigurationList;
			buildConfigurations = (
				0E122B8429EB29B6003A1EEB /* Debug */,
				0E122B8529EB29B6003A1EEB /* Release */,
			);
			defaultConfigurationIsVisible = 0;
			defaultConfigurationName = Release;
		};
		0E122B8629EB29B6003A1EEB /* Build configuration list for PBXNativeTarget "StoryboardContactTests" */ = {
			isa = XCConfigurationList;
			buildConfigurations = (
				0E122B8729EB29B6003A1EEB /* Debug */,
				0E122B8829EB29B6003A1EEB /* Release */,
			);
			defaultConfigurationIsVisible = 0;
			defaultConfigurationName = Release;
		};
		0E122B8929EB29B6003A1EEB /* Build configuration list for PBXNativeTarget "StoryboardContactUITests" */ = {
			isa = XCConfigurationList;
			buildConfigurations = (
				0E122B8A29EB29B6003A1EEB /* Debug */,
				0E122B8B29EB29B6003A1EEB /* Release */,
			);
			defaultConfigurationIsVisible = 0;
			defaultConfigurationName = Release;
		};
/* End XCConfigurationList section */

/* Begin XCVersionGroup section */
		0E122B6229EB29B4003A1EEB /* StoryboardContact.xcdatamodeld */ = {
			isa = XCVersionGroup;
			children = (
				0E122B6329EB29B4003A1EEB /* StoryboardContact.xcdatamodel */,
			);
			currentVersion = 0E122B6329EB29B4003A1EEB /* StoryboardContact.xcdatamodel */;
			path = StoryboardContact.xcdatamodeld;
			sourceTree = "<group>";
			versionGroupType = wrapper.xcdatamodel;
		};
/* End XCVersionGroup section */
	};
	rootObject = 0E122B4E29EB29B4003A1EEB /* Project object */;
}
